
Microsoft Visual Studio Solution File, Format Version 12.00
# Visual Studio 15
VisualStudioVersion = 15.0.28307.852
MinimumVisualStudioVersion = 10.0.40219.1
Project("{FAE04EC0-301F-11D3-BF4B-00C04F79EFBC}") = "FhirTerminologyClient.Net", "FhirTerminologyClient.Net\FhirTerminologyClient.Net.csproj", "{14296D17-3E2E-41E9-AE0C-E73498986D2E}"
EndProject
Global
	GlobalSection(SolutionConfigurationPlatforms) = preSolution
		Debug|Any CPU = Debug|Any CPU
		Release|Any CPU = Release|Any CPU
	EndGlobalSection
	GlobalSection(ProjectConfigurationPlatforms) = postSolution
		{14296D17-3E2E-41E9-AE0C-E73498986D2E}.Debug|Any CPU.ActiveCfg = Debug|Any CPU
		{14296D17-3E2E-41E9-AE0C-E73498986D2E}.Debug|Any CPU.Build.0 = Debug|Any CPU
		{14296D17-3E2E-41E9-AE0C-E73498986D2E}.Release|Any CPU.ActiveCfg = Release|Any CPU
		{14296D17-3E2E-41E9-AE0C-E73498986D2E}.Release|Any CPU.Build.0 = Release|Any CPU
	EndGlobalSection
	GlobalSection(SolutionProperties) = preSolution
		HideSolutionNode = FALSE
	EndGlobalSection
	GlobalSection(ExtensibilityGlobals) = postSolution
		SolutionGuid = {77D62119-977A-44FB-B80F-7D325484F881}
	EndGlobalSection
EndGlobal
